// !$*UTF8*$!
{
	archiveVersion = 1;
	classes = {
	};
	objectVersion = 46;
	objects = {

/* Begin PBXBuildFile section */
		69908EBC1D2A5D9D00A87418 /* main.c in Sources */ = {isa = PBXBuildFile; fileRef = 69908EBB1D2A5D9D00A87418 /* main.c */; };
		69908EC91D2B8FBC00A87418 /* StaticLinkedList.c in Sources */ = {isa = PBXBuildFile; fileRef = 69908EC81D2B8FBC00A87418 /* StaticLinkedList.c */; };
/* End PBXBuildFile section */

/* Begin PBXCopyFilesBuildPhase section */
		69908EB61D2A5D9D00A87418 /* CopyFiles */ = {
			isa = PBXCopyFilesBuildPhase;
			buildActionMask = 2147483647;
			dstPath = /usr/share/man/man1/;
			dstSubfolderSpec = 0;
			files = (
			);
			runOnlyForDeploymentPostprocessing = 1;
		};
/* End PBXCopyFilesBuildPhase section */

/* Begin PBXFileReference section */
		69908EB81D2A5D9D00A87418 /* StaticLinkedList */ = {isa = PBXFileReference; explicitFileType = "compiled.mach-o.executable"; includeInIndex = 0; path = StaticLinkedList; sourceTree = BUILT_PRODUCTS_DIR; };
		69908EBB1D2A5D9D00A87418 /* main.c */ = {isa = PBXFileReference; lastKnownFileType = sourcecode.c.c; path = main.c; sourceTree = "<group>"; };
		69908EC61D2B8FBC00A87418 /* Status.h */ = {isa = PBXFileReference; fileEncoding = 4; lastKnownFileType = sourcecode.c.h; path = Status.h; sourceTree = "<group>"; };
		69908EC71D2B8FBC00A87418 /* StaticLinkedList.h */ = {isa = PBXFileReference; fileEncoding = 4; lastKnownFileType = sourcecode.c.h; path = StaticLinkedList.h; sourceTree = "<group>"; };
		69908EC81D2B8FBC00A87418 /* StaticLinkedList.c */ = {isa = PBXFileReference; fileEncoding = 4; lastKnownFileType = sourcecode.c.c; path = StaticLinkedList.c; sourceTree = "<group>"; };
/* End PBXFileReference section */

/* Begin PBXFrameworksBuildPhase section */
		69908EB51D2A5D9D00A87418 /* Frameworks */ = {
			isa = PBXFrameworksBuildPhase;
			buildActionMask = 2147483647;
			files = (
			);
			runOnlyForDeploymentPostprocessing = 0;
		};
/* End PBXFrameworksBuildPhase section */

/* Begin PBXGroup section */
		69908EAF1D2A5D9D00A87418 = {
			isa = PBXGroup;
			children = (
				69908EBA1D2A5D9D00A87418 /* StaticLinkedList */,
				69908EB91D2A5D9D00A87418 /* Products */,
			);
			sourceTree = "<group>";
		};
		69908EB91D2A5D9D00A87418 /* Products */ = {
			isa = PBXGroup;
			children = (
				69908EB81D2A5D9D00A87418 /* StaticLinkedList */,
			);
			name = Products;
			sourceTree = "<group>";
		};
		69908EBA1D2A5D9D00A87418 /* StaticLinkedList */ = {
			isa = PBXGroup;
			children = (
				69908EBB1D2A5D9D00A87418 /* main.c */,
				69908EC61D2B8FBC00A87418 /* Status.h */,
				69908EC71D2B8FBC00A87418 /* StaticLinkedList.h */,
				69908EC81D2B8FBC00A87418 /* StaticLinkedList.c */,
			);
			path = StaticLinkedList;
			sourceTree = "<group>";
		};
/* End PBXGroup section */

/* Begin PBXNativeTarget section */
		69908EB71D2A5D9D00A87418 /* StaticLinkedList */ = {
			isa = PBXNativeTarget;
			buildConfigurationList = 69908EBF1D2A5D9D00A87418 /* Build configuration list for PBXNativeTarget "StaticLinkedList" */;
			buildPhases = (
				69908EB41D2A5D9D00A87418 /* Sources */,
				69908EB51D2A5D9D00A87418 /* Frameworks */,
				69908EB61D2A5D9D00A87418 /* CopyFiles */,
			);
			buildRules = (
			);
			dependencies = (
			);
			name = StaticLinkedList;
			productName = StaticLinkedList;
			productReference = 69908EB81D2A5D9D00A87418 /* StaticLinkedList */;
			productType = "com.apple.product-type.tool";
		};
/* End PBXNativeTarget section */

/* Begin PBXProject section */
		69908EB01D2A5D9D00A87418 /* Project object */ = {
			isa = PBXProject;
			attributes = {
				LastUpgradeCheck = 0730;
				ORGANIZATIONNAME = akka;
				TargetAttributes = {
					69908EB71D2A5D9D00A87418 = {
						CreatedOnToolsVersion = 7.3.1;
					};
				};
			};
			buildConfigurationList = 69908EB31D2A5D9D00A87418 /* Build configuration list for PBXProject "StaticLinkedList" */;
			compatibilityVersion = "Xcode 3.2";
			developmentRegion = English;
			hasScannedForEncodings = 0;
			knownRegions = (
				en,
			);
			mainGroup = 69908EAF1D2A5D9D00A87418;
			productRefGroup = 69908EB91D2A5D9D00A87418 /* Products */;
			projectDirPath = "";
			projectRoot = "";
			targets = (
				69908EB71D2A5D9D00A87418 /* StaticLinkedList */,
			);
		};
/* End PBXProject section */

/* Begin PBXSourcesBuildPhase section */
		69908EB41D2A5D9D00A87418 /* Sources */ = {
			isa = PBXSourcesBuildPhase;
			buildActionMask = 2147483647;
			files = (
				69908EC91D2B8FBC00A87418 /* StaticLinkedList.c in Sources */,
				69908EBC1D2A5D9D00A87418 /* main.c in Sources */,
			);
			runOnlyForDeploymentPostprocessing = 0;
		};
/* End PBXSourcesBuildPhase section */

/* Begin XCBuildConfiguration section */
		69908EBD1D2A5D9D00A87418 /* Debug */ = {
			isa = XCBuildConfiguration;
			buildSettings = {
				ALWAYS_SEARCH_USER_PATHS = NO;
				CLANG_ANALYZER_NONNULL = YES;
				CLANG_CXX_LANGUAGE_STANDARD = "gnu++0x";
				CLANG_CXX_LIBRARY = "libc++";
				CLANG_ENABLE_MODULES = YES;
				CLANG_ENABLE_OBJC_ARC = YES;
				CLANG_WARN_BOOL_CONVERSION = YES;
				CLANG_WARN_CONSTANT_CONVERSION = YES;
				CLANG_WARN_DIRECT_OBJC_ISA_USAGE = YES_ERROR;
				CLANG_WARN_EMPTY_BODY = YES;
				CLANG_WARN_ENUM_CONVERSION = YES;
				CLANG_WARN_INT_CONVERSION = YES;
				CLANG_WARN_OBJC_ROOT_CLASS = YES_ERROR;
				CLANG_WARN_UNREACHABLE_CODE = YES;
				CLANG_WARN__DUPLICATE_METHOD_MATCH = YES;
				CODE_SIGN_IDENTITY = "-";
				COPY_PHASE_STRIP = NO;
				DEBUG_INFORMATION_FORMAT = dwarf;
				ENABLE_STRICT_OBJC_MSGSEND = YES;
				ENABLE_TESTABILITY = YES;
				GCC_C_LANGUAGE_STANDARD = gnu99;
				GCC_DYNAMIC_NO_PIC = NO;
				GCC_NO_COMMON_BLOCKS = YES;
				GCC_OPTIMIZATION_LEVEL = 0;
				GCC_PREPROCESSOR_DEFINITIONS = (
					"DEBUG=1",
					"$(inherited)",
				);
				GCC_WARN_64_TO_32_BIT_CONVERSION = YES;
				GCC_WARN_ABOUT_RETURN_TYPE = YES_ERROR;
				GCC_WARN_UNDECLARED_SELECTOR = YES;
				GCC_WARN_UNINITIALIZED_AUTOS = YES_AGGRESSIVE;
				GCC_WARN_UNUSED_FUNCTION = YES;
				GCC_WARN_UNUSED_VARIABLE = YES;
				MACOSX_DEPLOYMENT_TARGET = 10.11;
				MTL_ENABLE_DEBUG_INFO = YES;
				ONLY_ACTIVE_ARCH = YES;
				SDKROOT = macosx;
			};
			name = Debug;
		};
		69908EBE1D2A5D9D00A87418 /* Release */ = {
			isa = XCBuildConfiguration;
			buildSettings = {
				ALWAYS_SEARCH_USER_PATHS = NO;
				CLANG_ANALYZER_NONNULL = YES;
				CLANG_CXX_LANGUAGE_STANDARD = "gnu++0x";
				CLANG_CXX_LIBRARY = "libc++";
				CLANG_ENABLE_MODULES = YES;
				CLANG_ENABLE_OBJC_ARC = YES;
				CLANG_WARN_BOOL_CONVERSION = YES;
				CLANG_WARN_CONSTANT_CONVERSION = YES;
				CLANG_WARN_DIRECT_OBJC_ISA_USAGE = YES_ERROR;
				CLANG_WARN_EMPTY_BODY = YES;
				CLANG_WARN_ENUM_CONVERSION = YES;
				CLANG_WARN_INT_CONVERSION = YES;
				CLANG_WARN_OBJC_ROOT_CLASS = YES_ERROR;
				CLANG_WARN_UNREACHABLE_CODE = YES;
				CLANG_WARN__DUPLICATE_METHOD_MATCH = YES;
				CODE_SIGN_IDENTITY = "-";
				COPY_PHASE_STRIP = NO;
				DEBUG_INFORMATION_FORMAT = "dwarf-with-dsym";
				ENABLE_NS_ASSERTIONS = NO;
				ENABLE_STRICT_OBJC_MSGSEND = YES;
				GCC_C_LANGUAGE_STANDARD = gnu99;
				GCC_NO_COMMON_BLOCKS = YES;
				GCC_WARN_64_TO_32_BIT_CONVERSION = YES;
				GCC_WARN_ABOUT_RETURN_TYPE = YES_ERROR;
				GCC_WARN_UNDECLARED_SELECTOR = YES;
				GCC_WARN_UNINITIALIZED_AUTOS = YES_AGGRESSIVE;
				GCC_WARN_UNUSED_FUNCTION = YES;
				GCC_WARN_UNUSED_VARIABLE = YES;
				MACOSX_DEPLOYMENT_TARGET = 10.11;
				MTL_ENABLE_DEBUG_INFO = NO;
				SDKROOT = macosx;
			};
			name = Release;
		};
		69908EC01D2A5D9D00A87418 /* Debug */ = {
			isa = XCBuildConfiguration;
			buildSettings = {
				PRODUCT_NAME = "$(TARGET_NAME)";
			};
			name = Debug;
		};
		69908EC11D2A5D9D00A87418 /* Release */ = {
			isa = XCBuildConfiguration;
			buildSettings = {
				PRODUCT_NAME = "$(TARGET_NAME)";
			};
			name = Release;
		};
/* End XCBuildConfiguration section */

/* Begin XCConfigurationList section */
		69908EB31D2A5D9D00A87418 /* Build configuration list for PBXProject "StaticLinkedList" */ = {
			isa = XCConfigurationList;
			buildConfigurations = (
				69908EBD1D2A5D9D00A87418 /* Debug */,
				69908EBE1D2A5D9D00A87418 /* Release */,
			);
			defaultConfigurationIsVisible = 0;
			defaultConfigurationName = Release;
		};
		69908EBF1D2A5D9D00A87418 /* Build configuration list for PBXNativeTarget "StaticLinkedList" */ = {
			isa = XCConfigurationList;
			buildConfigurations = (
				69908EC01D2A5D9D00A87418 /* Debug */,
				69908EC11D2A5D9D00A87418 /* Release */,
			);
			defaultConfigurationIsVisible = 0;
		};
/* End XCConfigurationList section */
	};
	rootObject = 69908EB01D2A5D9D00A87418 /* Project object */;
}
